
Microsoft Visual Studio Solution File, Format Version 12.00
# Visual Studio 15
VisualStudioVersion = 15.0.27130.2027
MinimumVisualStudioVersion = 10.0.40219.1
Project("{FAE04EC0-301F-11D3-BF4B-00C04F79EFBC}") = "AwesomePlatformer", "AwesomePlatformer\AwesomePlatformer.csproj", "{CCAC14E4-6BD0-48C0-97C3-C2E09D234A14}"
EndProject
Global
	GlobalSection(SolutionConfigurationPlatforms) = preSolution
		Debug|Any CPU = Debug|Any CPU
		Release|Any CPU = Release|Any CPU
	EndGlobalSection
	GlobalSection(ProjectConfigurationPlatforms) = postSolution
		{CCAC14E4-6BD0-48C0-97C3-C2E09D234A14}.Debug|Any CPU.ActiveCfg = Debug|Any CPU
		{CCAC14E4-6BD0-48C0-97C3-C2E09D234A14}.Debug|Any CPU.Build.0 = Debug|Any CPU
		{CCAC14E4-6BD0-48C0-97C3-C2E09D234A14}.Release|Any CPU.ActiveCfg = Release|Any CPU
		{CCAC14E4-6BD0-48C0-97C3-C2E09D234A14}.Release|Any CPU.Build.0 = Release|Any CPU
	EndGlobalSection
	GlobalSection(SolutionProperties) = preSolution
		HideSolutionNode = FALSE
	EndGlobalSection
	GlobalSection(ExtensibilityGlobals) = postSolution
		SolutionGuid = {5AA9BD5B-6306-4799-9AAD-4BE251D2F039}
	EndGlobalSection
EndGlobal
